
Microsoft Visual Studio Solution File, Format Version 12.00
# Visual Studio Version 16
VisualStudioVersion = 16.0.31729.503
MinimumVisualStudioVersion = 10.0.40219.1
Project("{FAE04EC0-301F-11D3-BF4B-00C04F79EFBC}") = "NesineBot", "NesineBot\NesineBot.csproj", "{0E933944-3566-4258-848B-1601975319F7}"
EndProject
Global
	GlobalSection(SolutionConfigurationPlatforms) = preSolution
		Debug|Any CPU = Debug|Any CPU
		Release|Any CPU = Release|Any CPU
	EndGlobalSection
	GlobalSection(ProjectConfigurationPlatforms) = postSolution
		{0E933944-3566-4258-848B-1601975319F7}.Debug|Any CPU.ActiveCfg = Debug|Any CPU
		{0E933944-3566-4258-848B-1601975319F7}.Debug|Any CPU.Build.0 = Debug|Any CPU
		{0E933944-3566-4258-848B-1601975319F7}.Release|Any CPU.ActiveCfg = Release|Any CPU
		{0E933944-3566-4258-848B-1601975319F7}.Release|Any CPU.Build.0 = Release|Any CPU
	EndGlobalSection
	GlobalSection(SolutionProperties) = preSolution
		HideSolutionNode = FALSE
	EndGlobalSection
	GlobalSection(ExtensibilityGlobals) = postSolution
		SolutionGuid = {EA2603BB-6C94-4682-A468-04E7E1E7A4EF}
	EndGlobalSection
EndGlobal
